{
  "name": "OneBusAway",
  "version": "1.3.0",
  "lockfileVersion": 3,
  "requires": true,
  "packages": {
    "": {
      "name": "OneBusAway",
      "version": "1.3.0",
      "dependencies": {
        "pebble-math-sll": "^1.19.2"
      }
    },
    "node_modules/pebble-math-sll": {
      "version": "1.19.2",
      "resolved": "https://registry.npmjs.org/pebble-math-sll/-/pebble-math-sll-1.19.2.tgz",
      "integrity": "sha512-TgRzQbF2rBIfwhu+Uuw06pDmWPYu8+3o80VUJ3raj1MQnSiX3t5xEeHa9LjI9rRQlEeghB2Qh7gwAqlVdsGCEA==",
      "license": "MIT license"
    }
  }
}
